
Microsoft Visual Studio Solution File, Format Version 12.00
# Visual Studio Version 16
VisualStudioVersion = 16.0.30002.166
MinimumVisualStudioVersion = 10.0.40219.1
Project("{FAE04EC0-301F-11D3-BF4B-00C04F79EFBC}") = "dotnet-counters-snapshot", "dotnet-counters-snapshot.csproj", "{A5ED10B5-DD06-4330-9B79-854F36154B91}"
EndProject
Global
	GlobalSection(SolutionConfigurationPlatforms) = preSolution
		Debug|Any CPU = Debug|Any CPU
		Release|Any CPU = Release|Any CPU
	EndGlobalSection
	GlobalSection(ProjectConfigurationPlatforms) = postSolution
		{A5ED10B5-DD06-4330-9B79-854F36154B91}.Debug|Any CPU.ActiveCfg = Debug|Any CPU
		{A5ED10B5-DD06-4330-9B79-854F36154B91}.Debug|Any CPU.Build.0 = Debug|Any CPU
		{A5ED10B5-DD06-4330-9B79-854F36154B91}.Release|Any CPU.ActiveCfg = Release|Any CPU
		{A5ED10B5-DD06-4330-9B79-854F36154B91}.Release|Any CPU.Build.0 = Release|Any CPU
	EndGlobalSection
	GlobalSection(SolutionProperties) = preSolution
		HideSolutionNode = FALSE
	EndGlobalSection
	GlobalSection(ExtensibilityGlobals) = postSolution
		SolutionGuid = {0A74C4B5-CAEB-4EB6-990F-121C8C962E89}
	EndGlobalSection
EndGlobal
